
Microsoft Visual Studio Solution File, Format Version 12.00
# Visual Studio Version 16
VisualStudioVersion = 16.0.31729.503
MinimumVisualStudioVersion = 10.0.40219.1
Project("{FAE04EC0-301F-11D3-BF4B-00C04F79EFBC}") = "EcfDecalage", "EcfDecalage\EcfDecalage.csproj", "{DE1FDACA-9D63-43C9-A689-ED2903DB6032}"
EndProject
Global
	GlobalSection(SolutionConfigurationPlatforms) = preSolution
		Debug|Any CPU = Debug|Any CPU
		Release|Any CPU = Release|Any CPU
	EndGlobalSection
	GlobalSection(ProjectConfigurationPlatforms) = postSolution
		{DE1FDACA-9D63-43C9-A689-ED2903DB6032}.Debug|Any CPU.ActiveCfg = Debug|Any CPU
		{DE1FDACA-9D63-43C9-A689-ED2903DB6032}.Debug|Any CPU.Build.0 = Debug|Any CPU
		{DE1FDACA-9D63-43C9-A689-ED2903DB6032}.Release|Any CPU.ActiveCfg = Release|Any CPU
		{DE1FDACA-9D63-43C9-A689-ED2903DB6032}.Release|Any CPU.Build.0 = Release|Any CPU
	EndGlobalSection
	GlobalSection(SolutionProperties) = preSolution
		HideSolutionNode = FALSE
	EndGlobalSection
	GlobalSection(ExtensibilityGlobals) = postSolution
		SolutionGuid = {AD22C945-B32C-482A-8A62-9D8140666346}
	EndGlobalSection
EndGlobal
